
Microsoft Visual Studio Solution File, Format Version 12.00
Project("{FAE04EC0-301F-11D3-BF4B-00C04F79EFBC}") = "GSCS Cameras Server", "GSCS Cameras Server\GSCS Cameras Server.csproj", "{BFE3408D-C4C8-4DA9-98C4-44C67B5283D4}"
EndProject
Project("{FAE04EC0-301F-11D3-BF4B-00C04F79EFBC}") = "DTO", "DTO\DTO.csproj", "{D2235606-A55E-4D43-AC0C-BB14AD0D74D7}"
EndProject
Global
	GlobalSection(SolutionConfigurationPlatforms) = preSolution
		Debug|Any CPU = Debug|Any CPU
		Release|Any CPU = Release|Any CPU
	EndGlobalSection
	GlobalSection(ProjectConfigurationPlatforms) = postSolution
		{BFE3408D-C4C8-4DA9-98C4-44C67B5283D4}.Debug|Any CPU.ActiveCfg = Debug|Any CPU
		{BFE3408D-C4C8-4DA9-98C4-44C67B5283D4}.Debug|Any CPU.Build.0 = Debug|Any CPU
		{BFE3408D-C4C8-4DA9-98C4-44C67B5283D4}.Release|Any CPU.ActiveCfg = Release|Any CPU
		{BFE3408D-C4C8-4DA9-98C4-44C67B5283D4}.Release|Any CPU.Build.0 = Release|Any CPU
		{D2235606-A55E-4D43-AC0C-BB14AD0D74D7}.Debug|Any CPU.ActiveCfg = Debug|Any CPU
		{D2235606-A55E-4D43-AC0C-BB14AD0D74D7}.Debug|Any CPU.Build.0 = Debug|Any CPU
		{D2235606-A55E-4D43-AC0C-BB14AD0D74D7}.Release|Any CPU.ActiveCfg = Release|Any CPU
		{D2235606-A55E-4D43-AC0C-BB14AD0D74D7}.Release|Any CPU.Build.0 = Release|Any CPU
	EndGlobalSection
EndGlobal
